
Microsoft Visual Studio Solution File, Format Version 12.00
# Visual Studio 15
VisualStudioVersion = 15.0.27703.2026
MinimumVisualStudioVersion = 10.0.40219.1
Project("{FAE04EC0-301F-11D3-BF4B-00C04F79EFBC}") = "ContosoTeamStats", "ContosoTeamStats\ContosoTeamStats.csproj", "{A67101E7-1E8C-49D0-B948-0D6185A7B06E}"
EndProject
Global
	GlobalSection(SolutionConfigurationPlatforms) = preSolution
		Debug|Any CPU = Debug|Any CPU
		Release|Any CPU = Release|Any CPU
	EndGlobalSection
	GlobalSection(ProjectConfigurationPlatforms) = postSolution
		{A67101E7-1E8C-49D0-B948-0D6185A7B06E}.Debug|Any CPU.ActiveCfg = Debug|Any CPU
		{A67101E7-1E8C-49D0-B948-0D6185A7B06E}.Debug|Any CPU.Build.0 = Debug|Any CPU
		{A67101E7-1E8C-49D0-B948-0D6185A7B06E}.Release|Any CPU.ActiveCfg = Release|Any CPU
		{A67101E7-1E8C-49D0-B948-0D6185A7B06E}.Release|Any CPU.Build.0 = Release|Any CPU
	EndGlobalSection
	GlobalSection(SolutionProperties) = preSolution
		HideSolutionNode = FALSE
	EndGlobalSection
	GlobalSection(ExtensibilityGlobals) = postSolution
		SolutionGuid = {D6DF1CD6-7F3F-4090-A22A-4F32554B29DA}
	EndGlobalSection
EndGlobal
